
Microsoft Visual Studio Solution File, Format Version 11.00
# Visual Studio 2010
Project("{8BC9CEB8-8B4A-11D0-8D11-00A0C91BC942}") = "125. Valid Palindrome_e", "125. Valid Palindrome_e\125. Valid Palindrome_e.vcxproj", "{6F28E2D1-D981-4EEF-AE32-BE47CEC9FCBB}"
EndProject
Global
	GlobalSection(SolutionConfigurationPlatforms) = preSolution
		Debug|Win32 = Debug|Win32
		Release|Win32 = Release|Win32
	EndGlobalSection
	GlobalSection(ProjectConfigurationPlatforms) = postSolution
		{6F28E2D1-D981-4EEF-AE32-BE47CEC9FCBB}.Debug|Win32.ActiveCfg = Debug|Win32
		{6F28E2D1-D981-4EEF-AE32-BE47CEC9FCBB}.Debug|Win32.Build.0 = Debug|Win32
		{6F28E2D1-D981-4EEF-AE32-BE47CEC9FCBB}.Release|Win32.ActiveCfg = Release|Win32
		{6F28E2D1-D981-4EEF-AE32-BE47CEC9FCBB}.Release|Win32.Build.0 = Release|Win32
	EndGlobalSection
	GlobalSection(SolutionProperties) = preSolution
		HideSolutionNode = FALSE
	EndGlobalSection
EndGlobal
